
Microsoft Visual Studio Solution File, Format Version 12.00
# Visual Studio Version 16
VisualStudioVersion = 16.0.31025.194
MinimumVisualStudioVersion = 10.0.40219.1
Project("{FAE04EC0-301F-11D3-BF4B-00C04F79EFBC}") = "ProductsApp", "ProductsApp.csproj", "{E3B2C192-6090-43BE-A90E-4437622C9DD5}"
EndProject
Project("{FAE04EC0-301F-11D3-BF4B-00C04F79EFBC}") = "ProductsApp.Tests", "..\ProductsApp.Tests\ProductsApp.Tests.csproj", "{98696603-8DF5-4179-A6D8-1CC0611403F6}"
EndProject
Global
	GlobalSection(SolutionConfigurationPlatforms) = preSolution
		Debug|Any CPU = Debug|Any CPU
		Release|Any CPU = Release|Any CPU
	EndGlobalSection
	GlobalSection(ProjectConfigurationPlatforms) = postSolution
		{E3B2C192-6090-43BE-A90E-4437622C9DD5}.Debug|Any CPU.ActiveCfg = Debug|Any CPU
		{E3B2C192-6090-43BE-A90E-4437622C9DD5}.Debug|Any CPU.Build.0 = Debug|Any CPU
		{E3B2C192-6090-43BE-A90E-4437622C9DD5}.Release|Any CPU.ActiveCfg = Release|Any CPU
		{E3B2C192-6090-43BE-A90E-4437622C9DD5}.Release|Any CPU.Build.0 = Release|Any CPU
		{98696603-8DF5-4179-A6D8-1CC0611403F6}.Debug|Any CPU.ActiveCfg = Debug|Any CPU
		{98696603-8DF5-4179-A6D8-1CC0611403F6}.Debug|Any CPU.Build.0 = Debug|Any CPU
		{98696603-8DF5-4179-A6D8-1CC0611403F6}.Release|Any CPU.ActiveCfg = Release|Any CPU
		{98696603-8DF5-4179-A6D8-1CC0611403F6}.Release|Any CPU.Build.0 = Release|Any CPU
	EndGlobalSection
	GlobalSection(SolutionProperties) = preSolution
		HideSolutionNode = FALSE
	EndGlobalSection
	GlobalSection(ExtensibilityGlobals) = postSolution
		SolutionGuid = {43B695DC-917E-4669-B8DB-827F52E92073}
	EndGlobalSection
EndGlobal
